version: v2
locks:
  f/api_phieuthu/llm: 80c5fb39bb1652403dc97c428b0fce4ee7ea2f946f8e8a3d872da0bbf1887175
  f/api_phieuthu/main: b3f270be126bd079c2232640d944bdb5c96dd32232592195ca048b1843bc2811
  f/api_phieuthu/model_loader: 805c2e89fdf8f964bbdd6cb35d2dc5809f61e3628dbedaa0bbfdfd783befa94d
  f/api_phieuthu/phieu_thu: 09539bc74d6fa3c9398a09206ed2e23c8c551553af8c77640e705342a9d50646
  f/api_phieuthu/prompt_builder: d5f426e2195edd6a7d9a53e22aa337ae8e4a1b6c8dc2f4500cd7525d923cc79f
  f/api_phieuthu/utils: 63d37f811f64c6109a8132b8621e9f2918df419b6477b26e54813eb84820f096
  f/information_extraction/_lib/windmill_api: f9b346be57e209945775d542e352c3ec77d1d2532e1fa0eebe71e33e5e6b6c1d
  f/information_extraction/create_model: d2ec4d0de0a8fb2db7b584b978a101d9c22f8e7c9e3999bf544685ff09c27d3a
  f/information_extraction/create_prompt: 620de4e9163bbb2afa2600c2d612d8e3a0dab9e41e093a16e39d2c36ecf1a007
  f/information_extraction/get_model: dbfee6ee26e4bee48b3c9e5345b040f39c4dc16105905e752726749be84249e9
  f/information_extraction/llm: 3fb407a3c5655ec27309c540d42c0e4548fe1efb59b65e867d344ac0ae6d924c
  f/information_extraction/main: 9d75e860ed8f7076aa4ee7d257648186661f1d91e658627b4ce0ec7af8b41c43
  f/information_extraction/model_loader: 11666876e43e122a04587055e81876fd8c568b389551bfa8ebe804c41cc69763
  f/information_extraction/ocr: a0980de143e07781531e9ec51c0fdc4c5b8b271f3ee620875681516528980207
  f/information_extraction/phieu_thu: c0b8d67286556518d4526b0e6b4894cd27a8c232ca847af7298bf436a375d8ca
  f/information_extraction/prompt_builder: 3096652d7f03a305c7b19a625c9b1de288f9b84789f390a8da4775faad4f2d08
  f/information_extraction/schema_loader: c50297e7ba1feb8b16b31259c9a688305b148737f0583e1ac59b9b124f7d191f
  f/information_extraction/utils: 3ab016b2c2a79963247e67380ef082a94cdca22980d06cadecec40caeeb72c48
