version: v2
locks:
  f/api_phieuthu/llm: 49f2f8bb9c1cf69c0237e6cd8588dc7859565fa52cd3b48c63be24f6f10806ad
  f/api_phieuthu/main: 5de284155db25db7eedc068f2349670cd606d2cecc529f61392aefb9595d67b0
  f/api_phieuthu/model_loader: 48f1492e1d7a227e6f2e3b0ceab1d23a0bee8f77b7331c51f7892c888707c74a
  f/api_phieuthu/phieu_thu: 192a193ac18422c61fba8487cfca1bc94bb8e499c7c3532becb25170f385a12d
  f/api_phieuthu/prompt_builder: e9cb29d66d0eb797959e9508a1e63b5140761ded3a9f5de04f3efc239d66fa37
  f/api_phieuthu/utils: 63d37f811f64c6109a8132b8621e9f2918df419b6477b26e54813eb84820f096
  f/information_extraction/_lib/windmill_api: f9b346be57e209945775d542e352c3ec77d1d2532e1fa0eebe71e33e5e6b6c1d
  f/information_extraction/create_model: d2ec4d0de0a8fb2db7b584b978a101d9c22f8e7c9e3999bf544685ff09c27d3a
  f/information_extraction/create_prompt: 620de4e9163bbb2afa2600c2d612d8e3a0dab9e41e093a16e39d2c36ecf1a007
  f/information_extraction/get_model: dbfee6ee26e4bee48b3c9e5345b040f39c4dc16105905e752726749be84249e9
  f/information_extraction/llm: 3fb407a3c5655ec27309c540d42c0e4548fe1efb59b65e867d344ac0ae6d924c
  f/information_extraction/main: 9d75e860ed8f7076aa4ee7d257648186661f1d91e658627b4ce0ec7af8b41c43
  f/information_extraction/model_loader: 11666876e43e122a04587055e81876fd8c568b389551bfa8ebe804c41cc69763
  f/information_extraction/ocr: a0980de143e07781531e9ec51c0fdc4c5b8b271f3ee620875681516528980207
  f/information_extraction/phieu_thu: c0b8d67286556518d4526b0e6b4894cd27a8c232ca847af7298bf436a375d8ca
  f/information_extraction/prompt_builder: 3096652d7f03a305c7b19a625c9b1de288f9b84789f390a8da4775faad4f2d08
  f/information_extraction/schema_loader: c50297e7ba1feb8b16b31259c9a688305b148737f0583e1ac59b9b124f7d191f
  f/information_extraction/utils: 3ab016b2c2a79963247e67380ef082a94cdca22980d06cadecec40caeeb72c48
